
Microsoft Visual Studio Solution File, Format Version 12.00
# Visual Studio 15
VisualStudioVersion = 15.0.27130.2010
MinimumVisualStudioVersion = 10.0.40219.1
Project("{FAE04EC0-301F-11D3-BF4B-00C04F79EFBC}") = "BTMSS", "BTMSS\BTMSS.csproj", "{977788D0-A237-40EB-8DA0-4885FBFAD99F}"
EndProject
Global
	GlobalSection(SolutionConfigurationPlatforms) = preSolution
		Debug|Any CPU = Debug|Any CPU
		Release|Any CPU = Release|Any CPU
	EndGlobalSection
	GlobalSection(ProjectConfigurationPlatforms) = postSolution
		{977788D0-A237-40EB-8DA0-4885FBFAD99F}.Debug|Any CPU.ActiveCfg = Debug|Any CPU
		{977788D0-A237-40EB-8DA0-4885FBFAD99F}.Debug|Any CPU.Build.0 = Debug|Any CPU
		{977788D0-A237-40EB-8DA0-4885FBFAD99F}.Release|Any CPU.ActiveCfg = Release|Any CPU
		{977788D0-A237-40EB-8DA0-4885FBFAD99F}.Release|Any CPU.Build.0 = Release|Any CPU
	EndGlobalSection
	GlobalSection(SolutionProperties) = preSolution
		HideSolutionNode = FALSE
	EndGlobalSection
	GlobalSection(ExtensibilityGlobals) = postSolution
		SolutionGuid = {D0A71EA7-3DFC-45C7-AC83-135288EC28BE}
	EndGlobalSection
EndGlobal
